{
  "name": "engine",
  "version": "1.0.0",
  "lockfileVersion": 3,
  "requires": true,
  "packages": {
    "": {
      "name": "engine",
      "version": "1.0.0",
      "license": "ISC",
      "dependencies": {
        "@fontsource/geist-mono": "^5.3.0",
        "@fontsource/geist-sans": "^5.3.0",
        "@fontsource/public-sans": "^5.3.0",
        "@fontsource/syne": "^5.3.0",
        "three": "^0.186.1"
      }
    },
    "node_modules/@fontsource/geist-mono": {
      "version": "5.3.0",
      "resolved": "https://registry.npmjs.org/@fontsource/geist-mono/-/geist-mono-5.3.0.tgz",
      "integrity": "sha512-UtJ1BBBCVpMYdIcW7nEB45UAoAw5M53ZXs2t0ciPW+IokuAAIc56M8+kW5tXbRJCTpDw4XTtU7proT6NdQAHTg==",
      "license": "OFL-1.1",
      "funding": {
        "url": "https://github.com/sponsors/ayuhito"
      }
    },
    "node_modules/@fontsource/geist-sans": {
      "version": "5.3.0",
      "resolved": "https://registry.npmjs.org/@fontsource/geist-sans/-/geist-sans-5.3.0.tgz",
      "integrity": "sha512-AmG7cE1AvE4NHROPaOl1sN+a02cB5xy6pA/ZV76HXqWTCsJTV2SCBc9DTFHfJqnVOODm7HhXIYtUIb75NP5QXQ==",
      "license": "OFL-1.1",
      "funding": {
        "url": "https://github.com/sponsors/ayuhito"
      }
    },
    "node_modules/@fontsource/public-sans": {
      "version": "5.3.0",
      "resolved": "https://registry.npmjs.org/@fontsource/public-sans/-/public-sans-5.3.0.tgz",
      "integrity": "sha512-kjODI0S3zdv0mBYCIQ8TbBayaiqszpc2UbhJiO3bjIqVVXzcWfHSt2o3WBCLOY3juaGaQoy4MoWCcgmfI5hCuA==",
      "license": "OFL-1.1",
      "funding": {
        "url": "https://github.com/sponsors/ayuhito"
      }
    },
    "node_modules/@fontsource/syne": {
      "version": "5.3.0",
      "resolved": "https://registry.npmjs.org/@fontsource/syne/-/syne-5.3.0.tgz",
      "integrity": "sha512-kRWNVsrdYw+08I4EM1SYPe2JovdTzUI0kMVALVRsKmjRdkrVoun1qddSlDAglz5J9LbgUpJSkWmw6BYnmKdGuw==",
      "license": "OFL-1.1",
      "funding": {
        "url": "https://github.com/sponsors/ayuhito"
      }
    },
    "node_modules/three": {
      "version": "0.186.1",
      "resolved": "https://registry.npmjs.org/three/-/three-0.186.1.tgz",
      "integrity": "sha512-blFeqb49wRCSGUGj7gtpfnSGHy2lwDk94RhUmS1c/hTby70kvChbWpkJ4Pm1390LqzzvTmzgXKHPEafJwCb8jA==",
      "license": "MIT"
    }
  }
}
